
Microsoft Visual Studio Solution File, Format Version 12.00
# Visual Studio Version 16
VisualStudioVersion = 16.0.30611.23
MinimumVisualStudioVersion = 10.0.40219.1
Project("{8BC9CEB8-8B4A-11D0-8D11-00A0C91BC942}") = "bonusTask2_10.11.20", "bonusTask2_10.11.20\bonusTask2_10.11.20.vcxproj", "{746BDBAC-FFFF-4CE3-AD1F-46AE3A00DAB8}"
EndProject
Global
	GlobalSection(SolutionConfigurationPlatforms) = preSolution
		Debug|x64 = Debug|x64
		Debug|x86 = Debug|x86
		Release|x64 = Release|x64
		Release|x86 = Release|x86
	EndGlobalSection
	GlobalSection(ProjectConfigurationPlatforms) = postSolution
		{746BDBAC-FFFF-4CE3-AD1F-46AE3A00DAB8}.Debug|x64.ActiveCfg = Debug|x64
		{746BDBAC-FFFF-4CE3-AD1F-46AE3A00DAB8}.Debug|x64.Build.0 = Debug|x64
		{746BDBAC-FFFF-4CE3-AD1F-46AE3A00DAB8}.Debug|x86.ActiveCfg = Debug|Win32
		{746BDBAC-FFFF-4CE3-AD1F-46AE3A00DAB8}.Debug|x86.Build.0 = Debug|Win32
		{746BDBAC-FFFF-4CE3-AD1F-46AE3A00DAB8}.Release|x64.ActiveCfg = Release|x64
		{746BDBAC-FFFF-4CE3-AD1F-46AE3A00DAB8}.Release|x64.Build.0 = Release|x64
		{746BDBAC-FFFF-4CE3-AD1F-46AE3A00DAB8}.Release|x86.ActiveCfg = Release|Win32
		{746BDBAC-FFFF-4CE3-AD1F-46AE3A00DAB8}.Release|x86.Build.0 = Release|Win32
	EndGlobalSection
	GlobalSection(SolutionProperties) = preSolution
		HideSolutionNode = FALSE
	EndGlobalSection
	GlobalSection(ExtensibilityGlobals) = postSolution
		SolutionGuid = {A625BA3D-41FF-4A1F-BF86-8283B7EE010E}
	EndGlobalSection
EndGlobal
