
Microsoft Visual Studio Solution File, Format Version 12.00
# Visual Studio Version 16
VisualStudioVersion = 16.0.30611.23
MinimumVisualStudioVersion = 10.0.40219.1
Project("{8BC9CEB8-8B4A-11D0-8D11-00A0C91BC942}") = "nFactoriel", "nFactoriel\nFactoriel.vcxproj", "{DD708549-BDB7-4EBF-9CEA-AD946AE5D67F}"
EndProject
Global
	GlobalSection(SolutionConfigurationPlatforms) = preSolution
		Debug|x64 = Debug|x64
		Debug|x86 = Debug|x86
		Release|x64 = Release|x64
		Release|x86 = Release|x86
	EndGlobalSection
	GlobalSection(ProjectConfigurationPlatforms) = postSolution
		{DD708549-BDB7-4EBF-9CEA-AD946AE5D67F}.Debug|x64.ActiveCfg = Debug|x64
		{DD708549-BDB7-4EBF-9CEA-AD946AE5D67F}.Debug|x64.Build.0 = Debug|x64
		{DD708549-BDB7-4EBF-9CEA-AD946AE5D67F}.Debug|x86.ActiveCfg = Debug|Win32
		{DD708549-BDB7-4EBF-9CEA-AD946AE5D67F}.Debug|x86.Build.0 = Debug|Win32
		{DD708549-BDB7-4EBF-9CEA-AD946AE5D67F}.Release|x64.ActiveCfg = Release|x64
		{DD708549-BDB7-4EBF-9CEA-AD946AE5D67F}.Release|x64.Build.0 = Release|x64
		{DD708549-BDB7-4EBF-9CEA-AD946AE5D67F}.Release|x86.ActiveCfg = Release|Win32
		{DD708549-BDB7-4EBF-9CEA-AD946AE5D67F}.Release|x86.Build.0 = Release|Win32
	EndGlobalSection
	GlobalSection(SolutionProperties) = preSolution
		HideSolutionNode = FALSE
	EndGlobalSection
	GlobalSection(ExtensibilityGlobals) = postSolution
		SolutionGuid = {4712977A-C3ED-430A-AB45-63A63507A1D9}
	EndGlobalSection
EndGlobal
