
Microsoft Visual Studio Solution File, Format Version 12.00
# Visual Studio Version 16
VisualStudioVersion = 16.0.30611.23
MinimumVisualStudioVersion = 10.0.40219.1
Project("{8BC9CEB8-8B4A-11D0-8D11-00A0C91BC942}") = "task1_hw1_seminar", "task1_hw1_seminar\task1_hw1_seminar.vcxproj", "{724A54FF-A267-47A2-AF21-C9E596434613}"
EndProject
Global
	GlobalSection(SolutionConfigurationPlatforms) = preSolution
		Debug|x64 = Debug|x64
		Debug|x86 = Debug|x86
		Release|x64 = Release|x64
		Release|x86 = Release|x86
	EndGlobalSection
	GlobalSection(ProjectConfigurationPlatforms) = postSolution
		{724A54FF-A267-47A2-AF21-C9E596434613}.Debug|x64.ActiveCfg = Debug|x64
		{724A54FF-A267-47A2-AF21-C9E596434613}.Debug|x64.Build.0 = Debug|x64
		{724A54FF-A267-47A2-AF21-C9E596434613}.Debug|x86.ActiveCfg = Debug|Win32
		{724A54FF-A267-47A2-AF21-C9E596434613}.Debug|x86.Build.0 = Debug|Win32
		{724A54FF-A267-47A2-AF21-C9E596434613}.Release|x64.ActiveCfg = Release|x64
		{724A54FF-A267-47A2-AF21-C9E596434613}.Release|x64.Build.0 = Release|x64
		{724A54FF-A267-47A2-AF21-C9E596434613}.Release|x86.ActiveCfg = Release|Win32
		{724A54FF-A267-47A2-AF21-C9E596434613}.Release|x86.Build.0 = Release|Win32
	EndGlobalSection
	GlobalSection(SolutionProperties) = preSolution
		HideSolutionNode = FALSE
	EndGlobalSection
	GlobalSection(ExtensibilityGlobals) = postSolution
		SolutionGuid = {10EF00BB-6AB3-4E45-9802-E77234D3A03F}
	EndGlobalSection
EndGlobal
